
Microsoft Visual Studio Solution File, Format Version 12.00
# Visual Studio Version 16
VisualStudioVersion = 16.0.33423.256
MinimumVisualStudioVersion = 10.0.40219.1
Project("{FAE04EC0-301F-11D3-BF4B-00C04F79EFBC}") = "CSVReader", "CSVReader.csproj", "{52C005E2-5456-4D24-B4FB-96BCEE83E5CC}"
EndProject
Global
	GlobalSection(SolutionConfigurationPlatforms) = preSolution
		Debug|Any CPU = Debug|Any CPU
		Release|Any CPU = Release|Any CPU
	EndGlobalSection
	GlobalSection(ProjectConfigurationPlatforms) = postSolution
		{52C005E2-5456-4D24-B4FB-96BCEE83E5CC}.Debug|Any CPU.ActiveCfg = Debug|Any CPU
		{52C005E2-5456-4D24-B4FB-96BCEE83E5CC}.Debug|Any CPU.Build.0 = Debug|Any CPU
		{52C005E2-5456-4D24-B4FB-96BCEE83E5CC}.Release|Any CPU.ActiveCfg = Release|Any CPU
		{52C005E2-5456-4D24-B4FB-96BCEE83E5CC}.Release|Any CPU.Build.0 = Release|Any CPU
	EndGlobalSection
	GlobalSection(SolutionProperties) = preSolution
		HideSolutionNode = FALSE
	EndGlobalSection
	GlobalSection(ExtensibilityGlobals) = postSolution
		SolutionGuid = {B033AE40-402A-4A14-B33F-97040100E88A}
	EndGlobalSection
EndGlobal
